
Microsoft Visual Studio Solution File, Format Version 12.00
# Visual Studio 15
VisualStudioVersion = 15.0.27004.2008
MinimumVisualStudioVersion = 10.0.40219.1
Project("{FAE04EC0-301F-11D3-BF4B-00C04F79EFBC}") = "Mastersign.DisplayManager", "Mastersign.DisplayManager\Mastersign.DisplayManager.csproj", "{00BA2D6F-31D3-4681-9EA3-31F78D539CDF}"
EndProject
Global
	GlobalSection(SolutionConfigurationPlatforms) = preSolution
		Debug|Any CPU = Debug|Any CPU
		Release|Any CPU = Release|Any CPU
	EndGlobalSection
	GlobalSection(ProjectConfigurationPlatforms) = postSolution
		{00BA2D6F-31D3-4681-9EA3-31F78D539CDF}.Debug|Any CPU.ActiveCfg = Debug|Any CPU
		{00BA2D6F-31D3-4681-9EA3-31F78D539CDF}.Debug|Any CPU.Build.0 = Debug|Any CPU
		{00BA2D6F-31D3-4681-9EA3-31F78D539CDF}.Release|Any CPU.ActiveCfg = Release|Any CPU
		{00BA2D6F-31D3-4681-9EA3-31F78D539CDF}.Release|Any CPU.Build.0 = Release|Any CPU
	EndGlobalSection
	GlobalSection(SolutionProperties) = preSolution
		HideSolutionNode = FALSE
	EndGlobalSection
	GlobalSection(ExtensibilityGlobals) = postSolution
		SolutionGuid = {17BE18ED-F10E-438B-92FF-7D75606561B5}
	EndGlobalSection
EndGlobal
